
Microsoft Visual Studio Solution File, Format Version 12.00
# Visual Studio Version 17
VisualStudioVersion = 17.9.34728.123
MinimumVisualStudioVersion = 10.0.40219.1
Project("{FAE04EC0-301F-11D3-BF4B-00C04F79EFBC}") = "z1", "z1.csproj", "{4CB9C808-A73A-409E-97FD-4FD8416CE5AC}"
EndProject
Project("{FAE04EC0-301F-11D3-BF4B-00C04F79EFBC}") = "z2", "..\z2\z2.csproj", "{BC0C596E-9E47-4FEA-9921-88914B66A40D}"
EndProject
Project("{FAE04EC0-301F-11D3-BF4B-00C04F79EFBC}") = "z3", "..\z3\z3.csproj", "{C9D201E7-DA48-476D-B921-1C7977526075}"
EndProject
Project("{FAE04EC0-301F-11D3-BF4B-00C04F79EFBC}") = "z4", "..\z4\z4.csproj", "{6DBF5148-2251-4E6C-B18D-2E4722CD00C8}"
EndProject
Project("{FAE04EC0-301F-11D3-BF4B-00C04F79EFBC}") = "z5", "..\z5\z5.csproj", "{E6F9AB22-39AD-4499-BD86-2E590EFA8F90}"
EndProject
Project("{FAE04EC0-301F-11D3-BF4B-00C04F79EFBC}") = "v1", "..\v1\v1.csproj", "{BA630C2D-0CC6-4CBE-923D-924E60A5301D}"
EndProject
Project("{FAE04EC0-301F-11D3-BF4B-00C04F79EFBC}") = "v2", "..\v2\v2.csproj", "{66B8FFBE-B8AB-4D36-AC2C-A1799E05F67D}"
EndProject
Project("{FAE04EC0-301F-11D3-BF4B-00C04F79EFBC}") = "v3", "..\v3\v3.csproj", "{ADE5826C-E68F-4F1E-AB52-E960CE8180DC}"
EndProject
Global
	GlobalSection(SolutionConfigurationPlatforms) = preSolution
		Debug|Any CPU = Debug|Any CPU
		Release|Any CPU = Release|Any CPU
	EndGlobalSection
	GlobalSection(ProjectConfigurationPlatforms) = postSolution
		{4CB9C808-A73A-409E-97FD-4FD8416CE5AC}.Debug|Any CPU.ActiveCfg = Debug|Any CPU
		{4CB9C808-A73A-409E-97FD-4FD8416CE5AC}.Debug|Any CPU.Build.0 = Debug|Any CPU
		{4CB9C808-A73A-409E-97FD-4FD8416CE5AC}.Release|Any CPU.ActiveCfg = Release|Any CPU
		{4CB9C808-A73A-409E-97FD-4FD8416CE5AC}.Release|Any CPU.Build.0 = Release|Any CPU
		{BC0C596E-9E47-4FEA-9921-88914B66A40D}.Debug|Any CPU.ActiveCfg = Debug|Any CPU
		{BC0C596E-9E47-4FEA-9921-88914B66A40D}.Debug|Any CPU.Build.0 = Debug|Any CPU
		{BC0C596E-9E47-4FEA-9921-88914B66A40D}.Release|Any CPU.ActiveCfg = Release|Any CPU
		{BC0C596E-9E47-4FEA-9921-88914B66A40D}.Release|Any CPU.Build.0 = Release|Any CPU
		{C9D201E7-DA48-476D-B921-1C7977526075}.Debug|Any CPU.ActiveCfg = Debug|Any CPU
		{C9D201E7-DA48-476D-B921-1C7977526075}.Debug|Any CPU.Build.0 = Debug|Any CPU
		{C9D201E7-DA48-476D-B921-1C7977526075}.Release|Any CPU.ActiveCfg = Release|Any CPU
		{C9D201E7-DA48-476D-B921-1C7977526075}.Release|Any CPU.Build.0 = Release|Any CPU
		{6DBF5148-2251-4E6C-B18D-2E4722CD00C8}.Debug|Any CPU.ActiveCfg = Debug|Any CPU
		{6DBF5148-2251-4E6C-B18D-2E4722CD00C8}.Debug|Any CPU.Build.0 = Debug|Any CPU
		{6DBF5148-2251-4E6C-B18D-2E4722CD00C8}.Release|Any CPU.ActiveCfg = Release|Any CPU
		{6DBF5148-2251-4E6C-B18D-2E4722CD00C8}.Release|Any CPU.Build.0 = Release|Any CPU
		{E6F9AB22-39AD-4499-BD86-2E590EFA8F90}.Debug|Any CPU.ActiveCfg = Debug|Any CPU
		{E6F9AB22-39AD-4499-BD86-2E590EFA8F90}.Debug|Any CPU.Build.0 = Debug|Any CPU
		{E6F9AB22-39AD-4499-BD86-2E590EFA8F90}.Release|Any CPU.ActiveCfg = Release|Any CPU
		{E6F9AB22-39AD-4499-BD86-2E590EFA8F90}.Release|Any CPU.Build.0 = Release|Any CPU
		{BA630C2D-0CC6-4CBE-923D-924E60A5301D}.Debug|Any CPU.ActiveCfg = Debug|Any CPU
		{BA630C2D-0CC6-4CBE-923D-924E60A5301D}.Debug|Any CPU.Build.0 = Debug|Any CPU
		{BA630C2D-0CC6-4CBE-923D-924E60A5301D}.Release|Any CPU.ActiveCfg = Release|Any CPU
		{BA630C2D-0CC6-4CBE-923D-924E60A5301D}.Release|Any CPU.Build.0 = Release|Any CPU
		{66B8FFBE-B8AB-4D36-AC2C-A1799E05F67D}.Debug|Any CPU.ActiveCfg = Debug|Any CPU
		{66B8FFBE-B8AB-4D36-AC2C-A1799E05F67D}.Debug|Any CPU.Build.0 = Debug|Any CPU
		{66B8FFBE-B8AB-4D36-AC2C-A1799E05F67D}.Release|Any CPU.ActiveCfg = Release|Any CPU
		{66B8FFBE-B8AB-4D36-AC2C-A1799E05F67D}.Release|Any CPU.Build.0 = Release|Any CPU
		{ADE5826C-E68F-4F1E-AB52-E960CE8180DC}.Debug|Any CPU.ActiveCfg = Debug|Any CPU
		{ADE5826C-E68F-4F1E-AB52-E960CE8180DC}.Debug|Any CPU.Build.0 = Debug|Any CPU
		{ADE5826C-E68F-4F1E-AB52-E960CE8180DC}.Release|Any CPU.ActiveCfg = Release|Any CPU
		{ADE5826C-E68F-4F1E-AB52-E960CE8180DC}.Release|Any CPU.Build.0 = Release|Any CPU
	EndGlobalSection
	GlobalSection(SolutionProperties) = preSolution
		HideSolutionNode = FALSE
	EndGlobalSection
	GlobalSection(ExtensibilityGlobals) = postSolution
		SolutionGuid = {2D289287-D2C5-4B53-9724-AF6F7CA4CD9A}
	EndGlobalSection
EndGlobal
